// !$*UTF8*$!
{
	archiveVersion = 1;
	classes = {
	};
	objectVersion = 77;
	objects = {

/* Begin PBXContainerItemProxy section */
		91F0E90C2E209AEA0056D3AA /* PBXContainerItemProxy */ = {
			isa = PBXContainerItemProxy;
			containerPortal = 91F0E8F62E209AE80056D3AA /* Project object */;
			proxyType = 1;
			remoteGlobalIDString = 91F0E8FD2E209AE80056D3AA;
			remoteInfo = BusCard;
		};
		91F0E9162E209AEA0056D3AA /* PBXContainerItemProxy */ = {
			isa = PBXContainerItemProxy;
			containerPortal = 91F0E8F62E209AE80056D3AA /* Project object */;
			proxyType = 1;
			remoteGlobalIDString = 91F0E8FD2E209AE80056D3AA;
			remoteInfo = BusCard;
		};
/* End PBXContainerItemProxy section */

/* Begin PBXFileReference section */
		91F0E8FE2E209AE80056D3AA /* BusCard.app */ = {isa = PBXFileReference; explicitFileType = wrapper.application; includeInIndex = 0; path = BusCard.app; sourceTree = BUILT_PRODUCTS_DIR; };
		91F0E90B2E209AEA0056D3AA /* BusCardTests.xctest */ = {isa = PBXFileReference; explicitFileType = wrapper.cfbundle; includeInIndex = 0; path = BusCardTests.xctest; sourceTree = BUILT_PRODUCTS_DIR; };
		91F0E9152E209AEA0056D3AA /* BusCardUITests.xctest */ = {isa = PBXFileReference; explicitFileType = wrapper.cfbundle; includeInIndex = 0; path = BusCardUITests.xctest; sourceTree = BUILT_PRODUCTS_DIR; };
/* End PBXFileReference section */

/* Begin PBXFileSystemSynchronizedBuildFileExceptionSet section */
		91F0E9472E209CA30056D3AA /* Exceptions for "BusCard" folder in "BusCard" target */ = {
			isa = PBXFileSystemSynchronizedBuildFileExceptionSet;
			membershipExceptions = (
				Assets.xcassets,
				BusCardApp.swift,
				ContentView.swift,
				"fonts/LibertinusMono-Regular.ttf",
				InfoView.swift,
			);
			target = 91F0E8FD2E209AE80056D3AA /* BusCard */;
		};
		91F0E9482E209CA30056D3AA /* Exceptions for "BusCard" folder in "BusCardUITests" target */ = {
			isa = PBXFileSystemSynchronizedBuildFileExceptionSet;
			membershipExceptions = (
				Assets.xcassets,
				BusCardApp.swift,
				ContentView.swift,
				Info.plist,
				InfoView.swift,
			);
			target = 91F0E9142E209AEA0056D3AA /* BusCardUITests */;
		};
/* End PBXFileSystemSynchronizedBuildFileExceptionSet section */

/* Begin PBXFileSystemSynchronizedRootGroup section */
		91F0E90E2E209AEA0056D3AA /* BusCardTests */ = {
			isa = PBXFileSystemSynchronizedRootGroup;
			path = BusCardTests;
			sourceTree = "<group>";
		};
		91F0E9182E209AEA0056D3AA /* BusCardUITests */ = {
			isa = PBXFileSystemSynchronizedRootGroup;
			path = BusCardUITests;
			sourceTree = "<group>";
		};
		91F0E9432E209CA30056D3AA /* BusCard */ = {
			isa = PBXFileSystemSynchronizedRootGroup;
			exceptions = (
				91F0E9472E209CA30056D3AA /* Exceptions for "BusCard" folder in "BusCard" target */,
				91F0E9482E209CA30056D3AA /* Exceptions for "BusCard" folder in "BusCardUITests" target */,
			);
			path = BusCard;
			sourceTree = "<group>";
		};
/* End PBXFileSystemSynchronizedRootGroup section */

/* Begin PBXFrameworksBuildPhase section */
		91F0E8FB2E209AE80056D3AA /* Frameworks */ = {
			isa = PBXFrameworksBuildPhase;
			buildActionMask = 2147483647;
			files = (
			);
			runOnlyForDeploymentPostprocessing = 0;
		};
		91F0E9082E209AEA0056D3AA /* Frameworks */ = {
			isa = PBXFrameworksBuildPhase;
			buildActionMask = 2147483647;
			files = (
			);
			runOnlyForDeploymentPostprocessing = 0;
		};
		91F0E9122E209AEA0056D3AA /* Frameworks */ = {
			isa = PBXFrameworksBuildPhase;
			buildActionMask = 2147483647;
			files = (
			);
			runOnlyForDeploymentPostprocessing = 0;
		};
/* End PBXFrameworksBuildPhase section */

/* Begin PBXGroup section */
		91F0E8F52E209AE80056D3AA = {
			isa = PBXGroup;
			children = (
				91F0E9432E209CA30056D3AA /* BusCard */,
				91F0E90E2E209AEA0056D3AA /* BusCardTests */,
				91F0E9182E209AEA0056D3AA /* BusCardUITests */,
				91F0E8FF2E209AE80056D3AA /* Products */,
			);
			sourceTree = "<group>";
		};
		91F0E8FF2E209AE80056D3AA /* Products */ = {
			isa = PBXGroup;
			children = (
				91F0E8FE2E209AE80056D3AA /* BusCard.app */,
				91F0E90B2E209AEA0056D3AA /* BusCardTests.xctest */,
				91F0E9152E209AEA0056D3AA /* BusCardUITests.xctest */,
			);
			name = Products;
			sourceTree = "<group>";
		};
/* End PBXGroup section */

/* Begin PBXNativeTarget section */
		91F0E8FD2E209AE80056D3AA /* BusCard */ = {
			isa = PBXNativeTarget;
			buildConfigurationList = 91F0E91F2E209AEA0056D3AA /* Build configuration list for PBXNativeTarget "BusCard" */;
			buildPhases = (
				91F0E8FA2E209AE80056D3AA /* Sources */,
				91F0E8FB2E209AE80056D3AA /* Frameworks */,
				91F0E8FC2E209AE80056D3AA /* Resources */,
			);
			buildRules = (
			);
			dependencies = (
			);
			name = BusCard;
			packageProductDependencies = (
			);
			productName = BusCard;
			productReference = 91F0E8FE2E209AE80056D3AA /* BusCard.app */;
			productType = "com.apple.product-type.application";
		};
		91F0E90A2E209AEA0056D3AA /* BusCardTests */ = {
			isa = PBXNativeTarget;
			buildConfigurationList = 91F0E9222E209AEA0056D3AA /* Build configuration list for PBXNativeTarget "BusCardTests" */;
			buildPhases = (
				91F0E9072E209AEA0056D3AA /* Sources */,
				91F0E9082E209AEA0056D3AA /* Frameworks */,
				91F0E9092E209AEA0056D3AA /* Resources */,
			);
			buildRules = (
			);
			dependencies = (
				91F0E90D2E209AEA0056D3AA /* PBXTargetDependency */,
			);
			fileSystemSynchronizedGroups = (
				91F0E90E2E209AEA0056D3AA /* BusCardTests */,
			);
			name = BusCardTests;
			packageProductDependencies = (
			);
			productName = BusCardTests;
			productReference = 91F0E90B2E209AEA0056D3AA /* BusCardTests.xctest */;
			productType = "com.apple.product-type.bundle.unit-test";
		};
		91F0E9142E209AEA0056D3AA /* BusCardUITests */ = {
			isa = PBXNativeTarget;
			buildConfigurationList = 91F0E9252E209AEA0056D3AA /* Build configuration list for PBXNativeTarget "BusCardUITests" */;
			buildPhases = (
				91F0E9112E209AEA0056D3AA /* Sources */,
				91F0E9122E209AEA0056D3AA /* Frameworks */,
				91F0E9132E209AEA0056D3AA /* Resources */,
			);
			buildRules = (
			);
			dependencies = (
				91F0E9172E209AEA0056D3AA /* PBXTargetDependency */,
			);
			fileSystemSynchronizedGroups = (
				91F0E9182E209AEA0056D3AA /* BusCardUITests */,
				91F0E9432E209CA30056D3AA /* BusCard */,
			);
			name = BusCardUITests;
			packageProductDependencies = (
			);
			productName = BusCardUITests;
			productReference = 91F0E9152E209AEA0056D3AA /* BusCardUITests.xctest */;
			productType = "com.apple.product-type.bundle.ui-testing";
		};
/* End PBXNativeTarget section */

/* Begin PBXProject section */
		91F0E8F62E209AE80056D3AA /* Project object */ = {
			isa = PBXProject;
			attributes = {
				BuildIndependentTargetsInParallel = 1;
				LastSwiftUpdateCheck = 1640;
				LastUpgradeCheck = 1640;
				TargetAttributes = {
					91F0E8FD2E209AE80056D3AA = {
						CreatedOnToolsVersion = 16.4;
					};
					91F0E90A2E209AEA0056D3AA = {
						CreatedOnToolsVersion = 16.4;
						TestTargetID = 91F0E8FD2E209AE80056D3AA;
					};
					91F0E9142E209AEA0056D3AA = {
						CreatedOnToolsVersion = 16.4;
						TestTargetID = 91F0E8FD2E209AE80056D3AA;
					};
				};
			};
			buildConfigurationList = 91F0E8F92E209AE80056D3AA /* Build configuration list for PBXProject "BusCard" */;
			developmentRegion = en;
			hasScannedForEncodings = 0;
			knownRegions = (
				en,
				Base,
			);
			mainGroup = 91F0E8F52E209AE80056D3AA;
			minimizedProjectReferenceProxies = 1;
			preferredProjectObjectVersion = 77;
			productRefGroup = 91F0E8FF2E209AE80056D3AA /* Products */;
			projectDirPath = "";
			projectRoot = "";
			targets = (
				91F0E8FD2E209AE80056D3AA /* BusCard */,
				91F0E90A2E209AEA0056D3AA /* BusCardTests */,
				91F0E9142E209AEA0056D3AA /* BusCardUITests */,
			);
		};
/* End PBXProject section */

/* Begin PBXResourcesBuildPhase section */
		91F0E8FC2E209AE80056D3AA /* Resources */ = {
			isa = PBXResourcesBuildPhase;
			buildActionMask = 2147483647;
			files = (
			);
			runOnlyForDeploymentPostprocessing = 0;
		};
		91F0E9092E209AEA0056D3AA /* Resources */ = {
			isa = PBXResourcesBuildPhase;
			buildActionMask = 2147483647;
			files = (
			);
			runOnlyForDeploymentPostprocessing = 0;
		};
		91F0E9132E209AEA0056D3AA /* Resources */ = {
			isa = PBXResourcesBuildPhase;
			buildActionMask = 2147483647;
			files = (
			);
			runOnlyForDeploymentPostprocessing = 0;
		};
/* End PBXResourcesBuildPhase section */

/* Begin PBXSourcesBuildPhase section */
		91F0E8FA2E209AE80056D3AA /* Sources */ = {
			isa = PBXSourcesBuildPhase;
			buildActionMask = 2147483647;
			files = (
			);
			runOnlyForDeploymentPostprocessing = 0;
		};
		91F0E9072E209AEA0056D3AA /* Sources */ = {
			isa = PBXSourcesBuildPhase;
			buildActionMask = 2147483647;
			files = (
			);
			runOnlyForDeploymentPostprocessing = 0;
		};
		91F0E9112E209AEA0056D3AA /* Sources */ = {
			isa = PBXSourcesBuildPhase;
			buildActionMask = 2147483647;
			files = (
			);
			runOnlyForDeploymentPostprocessing = 0;
		};
/* End PBXSourcesBuildPhase section */

/* Begin PBXTargetDependency section */
		91F0E90D2E209AEA0056D3AA /* PBXTargetDependency */ = {
			isa = PBXTargetDependency;
			target = 91F0E8FD2E209AE80056D3AA /* BusCard */;
			targetProxy = 91F0E90C2E209AEA0056D3AA /* PBXContainerItemProxy */;
		};
		91F0E9172E209AEA0056D3AA /* PBXTargetDependency */ = {
			isa = PBXTargetDependency;
			target = 91F0E8FD2E209AE80056D3AA /* BusCard */;
			targetProxy = 91F0E9162E209AEA0056D3AA /* PBXContainerItemProxy */;
		};
/* End PBXTargetDependency section */

/* Begin XCBuildConfiguration section */
		91F0E91D2E209AEA0056D3AA /* Debug */ = {
			isa = XCBuildConfiguration;
			buildSettings = {
				ALWAYS_SEARCH_USER_PATHS = NO;
				ASSETCATALOG_COMPILER_GENERATE_SWIFT_ASSET_SYMBOL_EXTENSIONS = YES;
				CLANG_ANALYZER_NONNULL = YES;
				CLANG_ANALYZER_NUMBER_OBJECT_CONVERSION = YES_AGGRESSIVE;
				CLANG_CXX_LANGUAGE_STANDARD = "gnu++20";
				CLANG_ENABLE_MODULES = YES;
				CLANG_ENABLE_OBJC_ARC = YES;
				CLANG_ENABLE_OBJC_WEAK = YES;
				CLANG_WARN_BLOCK_CAPTURE_AUTORELEASING = YES;
				CLANG_WARN_BOOL_CONVERSION = YES;
				CLANG_WARN_COMMA = YES;
				CLANG_WARN_CONSTANT_CONVERSION = YES;
				CLANG_WARN_DEPRECATED_OBJC_IMPLEMENTATIONS = YES;
				CLANG_WARN_DIRECT_OBJC_ISA_USAGE = YES_ERROR;
				CLANG_WARN_DOCUMENTATION_COMMENTS = YES;
				CLANG_WARN_EMPTY_BODY = YES;
				CLANG_WARN_ENUM_CONVERSION = YES;
				CLANG_WARN_INFINITE_RECURSION = YES;
				CLANG_WARN_INT_CONVERSION = YES;
				CLANG_WARN_NON_LITERAL_NULL_CONVERSION = YES;
				CLANG_WARN_OBJC_IMPLICIT_RETAIN_SELF = YES;
				CLANG_WARN_OBJC_LITERAL_CONVERSION = YES;
				CLANG_WARN_OBJC_ROOT_CLASS = YES_ERROR;
				CLANG_WARN_QUOTED_INCLUDE_IN_FRAMEWORK_HEADER = YES;
				CLANG_WARN_RANGE_LOOP_ANALYSIS = YES;
				CLANG_WARN_STRICT_PROTOTYPES = YES;
				CLANG_WARN_SUSPICIOUS_MOVE = YES;
				CLANG_WARN_UNGUARDED_AVAILABILITY = YES_AGGRESSIVE;
				CLANG_WARN_UNREACHABLE_CODE = YES;
				CLANG_WARN__DUPLICATE_METHOD_MATCH = YES;
				COPY_PHASE_STRIP = NO;
				DEBUG_INFORMATION_FORMAT = dwarf;
				DEVELOPMENT_TEAM = YZ2VVQY5SY;
				ENABLE_STRICT_OBJC_MSGSEND = YES;
				ENABLE_TESTABILITY = YES;
				ENABLE_USER_SCRIPT_SANDBOXING = YES;
				GCC_C_LANGUAGE_STANDARD = gnu17;
				GCC_DYNAMIC_NO_PIC = NO;
				GCC_NO_COMMON_BLOCKS = YES;
				GCC_OPTIMIZATION_LEVEL = 0;
				GCC_PREPROCESSOR_DEFINITIONS = (
					"DEBUG=1",
					"$(inherited)",
				);
				GCC_WARN_64_TO_32_BIT_CONVERSION = YES;
				GCC_WARN_ABOUT_RETURN_TYPE = YES_ERROR;
				GCC_WARN_UNDECLARED_SELECTOR = YES;
				GCC_WARN_UNINITIALIZED_AUTOS = YES_AGGRESSIVE;
				GCC_WARN_UNUSED_FUNCTION = YES;
				GCC_WARN_UNUSED_VARIABLE = YES;
				IPHONEOS_DEPLOYMENT_TARGET = 18.5;
				LOCALIZATION_PREFERS_STRING_CATALOGS = YES;
				MTL_ENABLE_DEBUG_INFO = INCLUDE_SOURCE;
				MTL_FAST_MATH = YES;
				ONLY_ACTIVE_ARCH = YES;
				SDKROOT = iphoneos;
				SWIFT_ACTIVE_COMPILATION_CONDITIONS = "DEBUG $(inherited)";
				SWIFT_OPTIMIZATION_LEVEL = "-Onone";
			};
			name = Debug;
		};
		91F0E91E2E209AEA0056D3AA /* Release */ = {
			isa = XCBuildConfiguration;
			buildSettings = {
				ALWAYS_SEARCH_USER_PATHS = NO;
				ASSETCATALOG_COMPILER_GENERATE_SWIFT_ASSET_SYMBOL_EXTENSIONS = YES;
				CLANG_ANALYZER_NONNULL = YES;
				CLANG_ANALYZER_NUMBER_OBJECT_CONVERSION = YES_AGGRESSIVE;
				CLANG_CXX_LANGUAGE_STANDARD = "gnu++20";
				CLANG_ENABLE_MODULES = YES;
				CLANG_ENABLE_OBJC_ARC = YES;
				CLANG_ENABLE_OBJC_WEAK = YES;
				CLANG_WARN_BLOCK_CAPTURE_AUTORELEASING = YES;
				CLANG_WARN_BOOL_CONVERSION = YES;
				CLANG_WARN_COMMA = YES;
				CLANG_WARN_CONSTANT_CONVERSION = YES;
				CLANG_WARN_DEPRECATED_OBJC_IMPLEMENTATIONS = YES;
				CLANG_WARN_DIRECT_OBJC_ISA_USAGE = YES_ERROR;
				CLANG_WARN_DOCUMENTATION_COMMENTS = YES;
				CLANG_WARN_EMPTY_BODY = YES;
				CLANG_WARN_ENUM_CONVERSION = YES;
				CLANG_WARN_INFINITE_RECURSION = YES;
				CLANG_WARN_INT_CONVERSION = YES;
				CLANG_WARN_NON_LITERAL_NULL_CONVERSION = YES;
				CLANG_WARN_OBJC_IMPLICIT_RETAIN_SELF = YES;
				CLANG_WARN_OBJC_LITERAL_CONVERSION = YES;
				CLANG_WARN_OBJC_ROOT_CLASS = YES_ERROR;
				CLANG_WARN_QUOTED_INCLUDE_IN_FRAMEWORK_HEADER = YES;
				CLANG_WARN_RANGE_LOOP_ANALYSIS = YES;
				CLANG_WARN_STRICT_PROTOTYPES = YES;
				CLANG_WARN_SUSPICIOUS_MOVE = YES;
				CLANG_WARN_UNGUARDED_AVAILABILITY = YES_AGGRESSIVE;
				CLANG_WARN_UNREACHABLE_CODE = YES;
				CLANG_WARN__DUPLICATE_METHOD_MATCH = YES;
				COPY_PHASE_STRIP = NO;
				DEBUG_INFORMATION_FORMAT = "dwarf-with-dsym";
				DEVELOPMENT_TEAM = YZ2VVQY5SY;
				ENABLE_NS_ASSERTIONS = NO;
				ENABLE_STRICT_OBJC_MSGSEND = YES;
				ENABLE_USER_SCRIPT_SANDBOXING = YES;
				GCC_C_LANGUAGE_STANDARD = gnu17;
				GCC_NO_COMMON_BLOCKS = YES;
				GCC_WARN_64_TO_32_BIT_CONVERSION = YES;
				GCC_WARN_ABOUT_RETURN_TYPE = YES_ERROR;
				GCC_WARN_UNDECLARED_SELECTOR = YES;
				GCC_WARN_UNINITIALIZED_AUTOS = YES_AGGRESSIVE;
				GCC_WARN_UNUSED_FUNCTION = YES;
				GCC_WARN_UNUSED_VARIABLE = YES;
				IPHONEOS_DEPLOYMENT_TARGET = 18.5;
				LOCALIZATION_PREFERS_STRING_CATALOGS = YES;
				MTL_ENABLE_DEBUG_INFO = NO;
				MTL_FAST_MATH = YES;
				SDKROOT = iphoneos;
				SWIFT_COMPILATION_MODE = wholemodule;
				VALIDATE_PRODUCT = YES;
			};
			name = Release;
		};
		91F0E9202E209AEA0056D3AA /* Debug */ = {
			isa = XCBuildConfiguration;
			buildSettings = {
				ASSETCATALOG_COMPILER_APPICON_NAME = AppIcon;
				ASSETCATALOG_COMPILER_GLOBAL_ACCENT_COLOR_NAME = AccentColor;
				CODE_SIGN_STYLE = Automatic;
				CURRENT_PROJECT_VERSION = 1;
				DEVELOPMENT_TEAM = YZ2VVQY5SY;
				ENABLE_PREVIEWS = YES;
				GENERATE_INFOPLIST_FILE = YES;
				INFOPLIST_FILE = BusCard/Info.plist;
				INFOPLIST_KEY_UIApplicationSceneManifest_Generation = YES;
				INFOPLIST_KEY_UIApplicationSupportsIndirectInputEvents = YES;
				INFOPLIST_KEY_UILaunchScreen_Generation = YES;
				INFOPLIST_KEY_UISupportedInterfaceOrientations_iPad = "UIInterfaceOrientationPortrait UIInterfaceOrientationPortraitUpsideDown UIInterfaceOrientationLandscapeLeft UIInterfaceOrientationLandscapeRight";
				INFOPLIST_KEY_UISupportedInterfaceOrientations_iPhone = "UIInterfaceOrientationPortrait UIInterfaceOrientationLandscapeLeft UIInterfaceOrientationLandscapeRight";
				LD_RUNPATH_SEARCH_PATHS = (
					"$(inherited)",
					"@executable_path/Frameworks",
				);
				MARKETING_VERSION = 1.0;
				PRODUCT_BUNDLE_IDENTIFIER = com.nikhilpolepalli.BusCard;
				PRODUCT_NAME = "$(TARGET_NAME)";
				SWIFT_EMIT_LOC_STRINGS = YES;
				SWIFT_VERSION = 5.0;
				TARGETED_DEVICE_FAMILY = "1,2";
			};
			name = Debug;
		};
		91F0E9212E209AEA0056D3AA /* Release */ = {
			isa = XCBuildConfiguration;
			buildSettings = {
				ASSETCATALOG_COMPILER_APPICON_NAME = AppIcon;
				ASSETCATALOG_COMPILER_GLOBAL_ACCENT_COLOR_NAME = AccentColor;
				CODE_SIGN_STYLE = Automatic;
				CURRENT_PROJECT_VERSION = 1;
				DEVELOPMENT_TEAM = YZ2VVQY5SY;
				ENABLE_PREVIEWS = YES;
				GENERATE_INFOPLIST_FILE = YES;
				INFOPLIST_FILE = BusCard/Info.plist;
				INFOPLIST_KEY_UIApplicationSceneManifest_Generation = YES;
				INFOPLIST_KEY_UIApplicationSupportsIndirectInputEvents = YES;
				INFOPLIST_KEY_UILaunchScreen_Generation = YES;
				INFOPLIST_KEY_UISupportedInterfaceOrientations_iPad = "UIInterfaceOrientationPortrait UIInterfaceOrientationPortraitUpsideDown UIInterfaceOrientationLandscapeLeft UIInterfaceOrientationLandscapeRight";
				INFOPLIST_KEY_UISupportedInterfaceOrientations_iPhone = "UIInterfaceOrientationPortrait UIInterfaceOrientationLandscapeLeft UIInterfaceOrientationLandscapeRight";
				LD_RUNPATH_SEARCH_PATHS = (
					"$(inherited)",
					"@executable_path/Frameworks",
				);
				MARKETING_VERSION = 1.0;
				PRODUCT_BUNDLE_IDENTIFIER = com.nikhilpolepalli.BusCard;
				PRODUCT_NAME = "$(TARGET_NAME)";
				SWIFT_EMIT_LOC_STRINGS = YES;
				SWIFT_VERSION = 5.0;
				TARGETED_DEVICE_FAMILY = "1,2";
			};
			name = Release;
		};
		91F0E9232E209AEA0056D3AA /* Debug */ = {
			isa = XCBuildConfiguration;
			buildSettings = {
				BUNDLE_LOADER = "$(TEST_HOST)";
				CODE_SIGN_STYLE = Automatic;
				CURRENT_PROJECT_VERSION = 1;
				DEVELOPMENT_TEAM = YZ2VVQY5SY;
				GENERATE_INFOPLIST_FILE = YES;
				IPHONEOS_DEPLOYMENT_TARGET = 18.5;
				MARKETING_VERSION = 1.0;
				PRODUCT_BUNDLE_IDENTIFIER = com.nikhilpolepalli.BusCardTests;
				PRODUCT_NAME = "$(TARGET_NAME)";
				SWIFT_EMIT_LOC_STRINGS = NO;
				SWIFT_VERSION = 5.0;
				TARGETED_DEVICE_FAMILY = "1,2";
				TEST_HOST = "$(BUILT_PRODUCTS_DIR)/BusCard.app/$(BUNDLE_EXECUTABLE_FOLDER_PATH)/BusCard";
			};
			name = Debug;
		};
		91F0E9242E209AEA0056D3AA /* Release */ = {
			isa = XCBuildConfiguration;
			buildSettings = {
				BUNDLE_LOADER = "$(TEST_HOST)";
				CODE_SIGN_STYLE = Automatic;
				CURRENT_PROJECT_VERSION = 1;
				DEVELOPMENT_TEAM = YZ2VVQY5SY;
				GENERATE_INFOPLIST_FILE = YES;
				IPHONEOS_DEPLOYMENT_TARGET = 18.5;
				MARKETING_VERSION = 1.0;
				PRODUCT_BUNDLE_IDENTIFIER = com.nikhilpolepalli.BusCardTests;
				PRODUCT_NAME = "$(TARGET_NAME)";
				SWIFT_EMIT_LOC_STRINGS = NO;
				SWIFT_VERSION = 5.0;
				TARGETED_DEVICE_FAMILY = "1,2";
				TEST_HOST = "$(BUILT_PRODUCTS_DIR)/BusCard.app/$(BUNDLE_EXECUTABLE_FOLDER_PATH)/BusCard";
			};
			name = Release;
		};
		91F0E9262E209AEA0056D3AA /* Debug */ = {
			isa = XCBuildConfiguration;
			buildSettings = {
				CODE_SIGN_STYLE = Automatic;
				CURRENT_PROJECT_VERSION = 1;
				DEVELOPMENT_TEAM = YZ2VVQY5SY;
				GENERATE_INFOPLIST_FILE = YES;
				MARKETING_VERSION = 1.0;
				PRODUCT_BUNDLE_IDENTIFIER = com.nikhilpolepalli.BusCardUITests;
				PRODUCT_NAME = "$(TARGET_NAME)";
				SWIFT_EMIT_LOC_STRINGS = NO;
				SWIFT_VERSION = 5.0;
				TARGETED_DEVICE_FAMILY = "1,2";
				TEST_TARGET_NAME = BusCard;
			};
			name = Debug;
		};
		91F0E9272E209AEA0056D3AA /* Release */ = {
			isa = XCBuildConfiguration;
			buildSettings = {
				CODE_SIGN_STYLE = Automatic;
				CURRENT_PROJECT_VERSION = 1;
				DEVELOPMENT_TEAM = YZ2VVQY5SY;
				GENERATE_INFOPLIST_FILE = YES;
				MARKETING_VERSION = 1.0;
				PRODUCT_BUNDLE_IDENTIFIER = com.nikhilpolepalli.BusCardUITests;
				PRODUCT_NAME = "$(TARGET_NAME)";
				SWIFT_EMIT_LOC_STRINGS = NO;
				SWIFT_VERSION = 5.0;
				TARGETED_DEVICE_FAMILY = "1,2";
				TEST_TARGET_NAME = BusCard;
			};
			name = Release;
		};
/* End XCBuildConfiguration section */

/* Begin XCConfigurationList section */
		91F0E8F92E209AE80056D3AA /* Build configuration list for PBXProject "BusCard" */ = {
			isa = XCConfigurationList;
			buildConfigurations = (
				91F0E91D2E209AEA0056D3AA /* Debug */,
				91F0E91E2E209AEA0056D3AA /* Release */,
			);
			defaultConfigurationIsVisible = 0;
			defaultConfigurationName = Release;
		};
		91F0E91F2E209AEA0056D3AA /* Build configuration list for PBXNativeTarget "BusCard" */ = {
			isa = XCConfigurationList;
			buildConfigurations = (
				91F0E9202E209AEA0056D3AA /* Debug */,
				91F0E9212E209AEA0056D3AA /* Release */,
			);
			defaultConfigurationIsVisible = 0;
			defaultConfigurationName = Release;
		};
		91F0E9222E209AEA0056D3AA /* Build configuration list for PBXNativeTarget "BusCardTests" */ = {
			isa = XCConfigurationList;
			buildConfigurations = (
				91F0E9232E209AEA0056D3AA /* Debug */,
				91F0E9242E209AEA0056D3AA /* Release */,
			);
			defaultConfigurationIsVisible = 0;
			defaultConfigurationName = Release;
		};
		91F0E9252E209AEA0056D3AA /* Build configuration list for PBXNativeTarget "BusCardUITests" */ = {
			isa = XCConfigurationList;
			buildConfigurations = (
				91F0E9262E209AEA0056D3AA /* Debug */,
				91F0E9272E209AEA0056D3AA /* Release */,
			);
			defaultConfigurationIsVisible = 0;
			defaultConfigurationName = Release;
		};
/* End XCConfigurationList section */
	};
	rootObject = 91F0E8F62E209AE80056D3AA /* Project object */;
}
